
Microsoft Visual Studio Solution File, Format Version 12.00
# Visual Studio Version 17
VisualStudioVersion = 17.11.35431.28
MinimumVisualStudioVersion = 10.0.40219.1
Project("{FAE04EC0-301F-11D3-BF4B-00C04F79EFBC}") = "Roshtaty", "Roshtaty\Roshtaty.csproj", "{26AE5FA7-2375-4609-8676-AF347E288610}"
EndProject
Project("{FAE04EC0-301F-11D3-BF4B-00C04F79EFBC}") = "Roshtaty.Core", "Roshtaty.Core\Roshtaty.Core.csproj", "{2D40D13F-E164-4DD3-8C9F-DD9E6CBCAD2E}"
EndProject
Project("{FAE04EC0-301F-11D3-BF4B-00C04F79EFBC}") = "Roshtaty.Repository", "Roshtaty.Repository\Roshtaty.Repository.csproj", "{2403D06C-00CC-4770-89A5-8202520839C6}"
EndProject
Project("{FAE04EC0-301F-11D3-BF4B-00C04F79EFBC}") = "Roshtaty.Services", "Roshtaty.Services\Roshtaty.Services.csproj", "{12FC3E2D-FED5-4A98-914B-EBE473E826D7}"
EndProject
Global
	GlobalSection(SolutionConfigurationPlatforms) = preSolution
		Debug|Any CPU = Debug|Any CPU
		Release|Any CPU = Release|Any CPU
	EndGlobalSection
	GlobalSection(ProjectConfigurationPlatforms) = postSolution
		{26AE5FA7-2375-4609-8676-AF347E288610}.Debug|Any CPU.ActiveCfg = Debug|Any CPU
		{26AE5FA7-2375-4609-8676-AF347E288610}.Debug|Any CPU.Build.0 = Debug|Any CPU
		{26AE5FA7-2375-4609-8676-AF347E288610}.Release|Any CPU.ActiveCfg = Release|Any CPU
		{26AE5FA7-2375-4609-8676-AF347E288610}.Release|Any CPU.Build.0 = Release|Any CPU
		{2D40D13F-E164-4DD3-8C9F-DD9E6CBCAD2E}.Debug|Any CPU.ActiveCfg = Debug|Any CPU
		{2D40D13F-E164-4DD3-8C9F-DD9E6CBCAD2E}.Debug|Any CPU.Build.0 = Debug|Any CPU
		{2D40D13F-E164-4DD3-8C9F-DD9E6CBCAD2E}.Release|Any CPU.ActiveCfg = Release|Any CPU
		{2D40D13F-E164-4DD3-8C9F-DD9E6CBCAD2E}.Release|Any CPU.Build.0 = Release|Any CPU
		{2403D06C-00CC-4770-89A5-8202520839C6}.Debug|Any CPU.ActiveCfg = Debug|Any CPU
		{2403D06C-00CC-4770-89A5-8202520839C6}.Debug|Any CPU.Build.0 = Debug|Any CPU
		{2403D06C-00CC-4770-89A5-8202520839C6}.Release|Any CPU.ActiveCfg = Release|Any CPU
		{2403D06C-00CC-4770-89A5-8202520839C6}.Release|Any CPU.Build.0 = Release|Any CPU
		{12FC3E2D-FED5-4A98-914B-EBE473E826D7}.Debug|Any CPU.ActiveCfg = Debug|Any CPU
		{12FC3E2D-FED5-4A98-914B-EBE473E826D7}.Debug|Any CPU.Build.0 = Debug|Any CPU
		{12FC3E2D-FED5-4A98-914B-EBE473E826D7}.Release|Any CPU.ActiveCfg = Release|Any CPU
		{12FC3E2D-FED5-4A98-914B-EBE473E826D7}.Release|Any CPU.Build.0 = Release|Any CPU
	EndGlobalSection
	GlobalSection(SolutionProperties) = preSolution
		HideSolutionNode = FALSE
	EndGlobalSection
	GlobalSection(ExtensibilityGlobals) = postSolution
		SolutionGuid = {34282C74-2A2C-450F-874E-FC836D944E33}
	EndGlobalSection
EndGlobal
